
Microsoft Visual Studio Solution File, Format Version 12.00
# Visual Studio 15
VisualStudioVersion = 15.0.28307.106
MinimumVisualStudioVersion = 10.0.40219.1
Project("{FAE04EC0-301F-11D3-BF4B-00C04F79EFBC}") = "Sitecore.Foundation.CloudFront", "Sitecore.Foundation.CloudFront\Sitecore.Foundation.CloudFront.csproj", "{9870673F-08AA-4DAA-B11B-944029D99DC4}"
EndProject
Global
	GlobalSection(SolutionConfigurationPlatforms) = preSolution
		Debug|Any CPU = Debug|Any CPU
		Release|Any CPU = Release|Any CPU
	EndGlobalSection
	GlobalSection(ProjectConfigurationPlatforms) = postSolution
		{9870673F-08AA-4DAA-B11B-944029D99DC4}.Debug|Any CPU.ActiveCfg = Debug|Any CPU
		{9870673F-08AA-4DAA-B11B-944029D99DC4}.Debug|Any CPU.Build.0 = Debug|Any CPU
		{9870673F-08AA-4DAA-B11B-944029D99DC4}.Release|Any CPU.ActiveCfg = Release|Any CPU
		{9870673F-08AA-4DAA-B11B-944029D99DC4}.Release|Any CPU.Build.0 = Release|Any CPU
	EndGlobalSection
	GlobalSection(SolutionProperties) = preSolution
		HideSolutionNode = FALSE
	EndGlobalSection
	GlobalSection(ExtensibilityGlobals) = postSolution
		SolutionGuid = {D16A0378-59C3-4072-BB69-D7A92C6E27FD}
	EndGlobalSection
EndGlobal
